# This file was autogenerated by Stack.
# You should not edit this file by hand.
# For more information, please see the documentation at:
#   https://docs.haskellstack.org/en/stable/lock_files

packages:
- completed:
    hackage: text-format-0.3.2@sha256:2a3fc17cf87120fcfdbca62a0da59759755549285841cdc1483081c35fb3d115,1814
    pantry-tree:
      sha256: 2db26ddb77184186e0d5b2b020bdfbeb044c168024767b1fa3691682ca618896
      size: 1029
  original:
    hackage: text-format-0.3.2
- completed:
    hackage: Diff-0.3.4@sha256:5ab20a407f9e65d13b642c3cd414906a40280343a31b388f6ed69b9228fe42c1,1127
    pantry-tree:
      sha256: 48d1b942ff99293d69a8ca4ea60f372093e5aeea73f63d11829ceca01d63c7fd
      size: 416
  original:
    hackage: Diff-0.3.4
- completed:
    hackage: th-compat-0.1@sha256:ff11df2bbd6ad519987f8fe5b2fd783349260681a91565a40d4096bb0a536b0b,2818
    pantry-tree:
      sha256: c794a1d447edb8cf039f47514f50eee20c2584452f1a60848f905dc710c9b59f
      size: 529
  original:
    hackage: th-compat-0.1
- completed:
    hackage: optics-core-0.3@sha256:0464583aaef715f8e48b8c9ce3fab9866345de93e740dae32d5c5e9a57097bf7,4532
    pantry-tree:
      sha256: d87366c3a2d4099a7a1d54df029a38e24b591ba8fb88d56fabf0c5c4bc345a51
      size: 5030
  original:
    hackage: optics-core-0.3
- completed:
    hackage: optics-th-0.3@sha256:b4746b3d142feb2dc9dfcf76b49a11fd04321aa0ee9c1bcd297c5e8dc393803c,1965
    pantry-tree:
      sha256: 24e990405793450726f6364034614c715537b0ed3f21fafc9ce0267979feb01b
      size: 653
  original:
    hackage: optics-th-0.3
- completed:
    hackage: optics-extra-0.3@sha256:99696d87a92025e5f8d02e418b7851115e30a3d1425fba4afb6d41a0445cddd5,3492
    pantry-tree:
      sha256: 4d07622a2f3f62882de4f431d7f600053a8b461d5aa372c7ae596b672efab644
      size: 1809
  original:
    hackage: optics-extra-0.3
- completed:
    commit: 094ea0d2553c72f38d3704b10ba9157fbace8abe
    git: https://github.com/ucsd-progsys/liquidhaskell
    name: liquidhaskell
    pantry-tree:
      sha256: 3577dea4b06443a2c35d371ce0f14447e31a06a029ff50d38e3266c4b81c1531
      size: 298741
    subdir: .
    version: 0.8.10.2.1
  original:
    commit: 094ea0d2553c72f38d3704b10ba9157fbace8abe
    git: https://github.com/ucsd-progsys/liquidhaskell
    subdir: .
- completed:
    commit: 094ea0d2553c72f38d3704b10ba9157fbace8abe
    git: https://github.com/ucsd-progsys/liquidhaskell
    name: liquid-base
    pantry-tree:
      sha256: 49214f6bd48452f1e93e33539a4877bc91815454ebab25954073b15a26397a28
      size: 15057
    subdir: liquid-base
    version: 4.14.1.0
  original:
    commit: 094ea0d2553c72f38d3704b10ba9157fbace8abe
    git: https://github.com/ucsd-progsys/liquidhaskell
    subdir: liquid-base
- completed:
    commit: 094ea0d2553c72f38d3704b10ba9157fbace8abe
    git: https://github.com/ucsd-progsys/liquidhaskell
    name: liquid-prelude
    pantry-tree:
      sha256: 17fffd9d59ef7d3e7fa04b89174250bab84af77822d3f5de0124d608aa6827c6
      size: 1029
    subdir: liquid-prelude
    version: 0.8.10.2
  original:
    commit: 094ea0d2553c72f38d3704b10ba9157fbace8abe
    git: https://github.com/ucsd-progsys/liquidhaskell
    subdir: liquid-prelude
- completed:
    commit: 094ea0d2553c72f38d3704b10ba9157fbace8abe
    git: https://github.com/ucsd-progsys/liquidhaskell
    name: liquid-ghc-prim
    pantry-tree:
      sha256: f4a142e73996a292cf2eae8c364f71fe9a1195937801cad720ac1394db1bd3ae
      size: 912
    subdir: liquid-ghc-prim
    version: 0.6.1
  original:
    commit: 094ea0d2553c72f38d3704b10ba9157fbace8abe
    git: https://github.com/ucsd-progsys/liquidhaskell
    subdir: liquid-ghc-prim
- completed:
    commit: 094ea0d2553c72f38d3704b10ba9157fbace8abe
    git: https://github.com/ucsd-progsys/liquidhaskell
    name: liquid-containers
    pantry-tree:
      sha256: e0813348d68667e035d96bcd225b9d545693bf7827f40d41d86c4535cf120cb8
      size: 2143
    subdir: liquid-containers
    version: 0.6.2.1
  original:
    commit: 094ea0d2553c72f38d3704b10ba9157fbace8abe
    git: https://github.com/ucsd-progsys/liquidhaskell
    subdir: liquid-containers
- completed:
    commit: 73bf922019259ef6f0581e6bfbec0cee29e5a768
    git: https://github.com/ucsd-progsys/liquid-fixpoint
    name: liquid-fixpoint
    pantry-tree:
      sha256: fd1751f3edec222aaade91b009b3603308a0c9266f4896109e75f0305e222840
      size: 20923
    version: 0.8.10.2.1
  original:
    commit: 73bf922019259ef6f0581e6bfbec0cee29e5a768
    git: https://github.com/ucsd-progsys/liquid-fixpoint
snapshots:
- completed:
    sha256: 2ad3210d2ad35f3176005d68369a18e4d984517bfaa2caade76f28ed0b2e0521
    size: 532379
    url: https://raw.githubusercontent.com/commercialhaskell/stackage-snapshots/master/lts/16/8.yaml
  original: lts-16.8
